// !$*UTF8*$!
{
	archiveVersion = 1;
	classes = {
	};
	objectVersion = 56;
	objects = {

/* Begin PBXBuildFile section */
		097E762C2CB4F33B007E5C9B /* AppDelegate.swift in Sources */ = {isa = PBXBuildFile; fileRef = 097E762B2CB4F33B007E5C9B /* AppDelegate.swift */; };
		097E762E2CB4F33B007E5C9B /* SceneDelegate.swift in Sources */ = {isa = PBXBuildFile; fileRef = 097E762D2CB4F33B007E5C9B /* SceneDelegate.swift */; };
		097E76302CB4F33B007E5C9B /* SelectRoleViewController.swift in Sources */ = {isa = PBXBuildFile; fileRef = 097E762F2CB4F33B007E5C9B /* SelectRoleViewController.swift */; };
		097E76332CB4F33B007E5C9B /* Main.storyboard in Resources */ = {isa = PBXBuildFile; fileRef = 097E76312CB4F33B007E5C9B /* Main.storyboard */; };
		097E76362CB4F33B007E5C9B /* InterviewTask.xcdatamodeld in Sources */ = {isa = PBXBuildFile; fileRef = 097E76342CB4F33B007E5C9B /* InterviewTask.xcdatamodeld */; };
		097E76382CB4F33D007E5C9B /* Assets.xcassets in Resources */ = {isa = PBXBuildFile; fileRef = 097E76372CB4F33D007E5C9B /* Assets.xcassets */; };
		097E763B2CB4F33D007E5C9B /* LaunchScreen.storyboard in Resources */ = {isa = PBXBuildFile; fileRef = 097E76392CB4F33D007E5C9B /* LaunchScreen.storyboard */; };
		097E76432CB4F6C2007E5C9B /* AdminLoginViewController.swift in Sources */ = {isa = PBXBuildFile; fileRef = 097E76422CB4F6C2007E5C9B /* AdminLoginViewController.swift */; };
		097E76452CB4F6D1007E5C9B /* EmployeeLoginViewController.swift in Sources */ = {isa = PBXBuildFile; fileRef = 097E76442CB4F6D1007E5C9B /* EmployeeLoginViewController.swift */; };
		097E76472CB4F88E007E5C9B /* AdminDashboardViewController.swift in Sources */ = {isa = PBXBuildFile; fileRef = 097E76462CB4F88E007E5C9B /* AdminDashboardViewController.swift */; };
		097E764E2CB4FF69007E5C9B /* AddEmployeesViewController.swift in Sources */ = {isa = PBXBuildFile; fileRef = 097E764D2CB4FF69007E5C9B /* AddEmployeesViewController.swift */; };
		097E76502CB5011B007E5C9B /* ViewEmployeeByViewController.swift in Sources */ = {isa = PBXBuildFile; fileRef = 097E764F2CB5011B007E5C9B /* ViewEmployeeByViewController.swift */; };
		097E76562CB505BF007E5C9B /* Networking.swift in Sources */ = {isa = PBXBuildFile; fileRef = 097E76552CB505BF007E5C9B /* Networking.swift */; };
		097E76592CB507B6007E5C9B /* AppComponet.swift in Sources */ = {isa = PBXBuildFile; fileRef = 097E76582CB507B6007E5C9B /* AppComponet.swift */; };
		097E765B2CB50C3A007E5C9B /* AttendanceHistoryViewController.swift in Sources */ = {isa = PBXBuildFile; fileRef = 097E765A2CB50C3A007E5C9B /* AttendanceHistoryViewController.swift */; };
		097E765D2CB50DCD007E5C9B /* EmployeeProfileViewController.swift in Sources */ = {isa = PBXBuildFile; fileRef = 097E765C2CB50DCD007E5C9B /* EmployeeProfileViewController.swift */; };
		097E765F2CB50E0C007E5C9B /* EmployeeCheckInAndCheckOutViewController.swift in Sources */ = {isa = PBXBuildFile; fileRef = 097E765E2CB50E0C007E5C9B /* EmployeeCheckInAndCheckOutViewController.swift */; };
		097E76622CB516CB007E5C9B /* SwiftyJSON in Frameworks */ = {isa = PBXBuildFile; productRef = 097E76612CB516CB007E5C9B /* SwiftyJSON */; };
		097E76652CB51CC4007E5C9B /* EmployeeListTableViewCell.swift in Sources */ = {isa = PBXBuildFile; fileRef = 097E76632CB51CC4007E5C9B /* EmployeeListTableViewCell.swift */; };
		097E76662CB51CC4007E5C9B /* EmployeeListTableViewCell.xib in Resources */ = {isa = PBXBuildFile; fileRef = 097E76642CB51CC4007E5C9B /* EmployeeListTableViewCell.xib */; };
		097E76682CB51FD1007E5C9B /* CardView.swift in Sources */ = {isa = PBXBuildFile; fileRef = 097E76672CB51FD1007E5C9B /* CardView.swift */; };
		097E766B2CB53924007E5C9B /* AttentdanceTableViewCell.swift in Sources */ = {isa = PBXBuildFile; fileRef = 097E76692CB53924007E5C9B /* AttentdanceTableViewCell.swift */; };
		097E766C2CB53924007E5C9B /* AttentdanceTableViewCell.xib in Resources */ = {isa = PBXBuildFile; fileRef = 097E766A2CB53924007E5C9B /* AttentdanceTableViewCell.xib */; };
		097E766E2CB54DA0007E5C9B /* ActivityIndicatior.swift in Sources */ = {isa = PBXBuildFile; fileRef = 097E766D2CB54DA0007E5C9B /* ActivityIndicatior.swift */; };
		097E76712CB56006007E5C9B /* EmployeeModel.swift in Sources */ = {isa = PBXBuildFile; fileRef = 097E76702CB56006007E5C9B /* EmployeeModel.swift */; };
/* End PBXBuildFile section */

/* Begin PBXFileReference section */
		097E76282CB4F33B007E5C9B /* InterviewTask.app */ = {isa = PBXFileReference; explicitFileType = wrapper.application; includeInIndex = 0; path = InterviewTask.app; sourceTree = BUILT_PRODUCTS_DIR; };
		097E762B2CB4F33B007E5C9B /* AppDelegate.swift */ = {isa = PBXFileReference; lastKnownFileType = sourcecode.swift; path = AppDelegate.swift; sourceTree = "<group>"; };
		097E762D2CB4F33B007E5C9B /* SceneDelegate.swift */ = {isa = PBXFileReference; lastKnownFileType = sourcecode.swift; path = SceneDelegate.swift; sourceTree = "<group>"; };
		097E762F2CB4F33B007E5C9B /* SelectRoleViewController.swift */ = {isa = PBXFileReference; lastKnownFileType = sourcecode.swift; path = SelectRoleViewController.swift; sourceTree = "<group>"; };
		097E76322CB4F33B007E5C9B /* Base */ = {isa = PBXFileReference; lastKnownFileType = file.storyboard; name = Base; path = Base.lproj/Main.storyboard; sourceTree = "<group>"; };
		097E76352CB4F33B007E5C9B /* InterviewTask.xcdatamodel */ = {isa = PBXFileReference; lastKnownFileType = wrapper.xcdatamodel; path = InterviewTask.xcdatamodel; sourceTree = "<group>"; };
		097E76372CB4F33D007E5C9B /* Assets.xcassets */ = {isa = PBXFileReference; lastKnownFileType = folder.assetcatalog; path = Assets.xcassets; sourceTree = "<group>"; };
		097E763A2CB4F33D007E5C9B /* Base */ = {isa = PBXFileReference; lastKnownFileType = file.storyboard; name = Base; path = Base.lproj/LaunchScreen.storyboard; sourceTree = "<group>"; };
		097E763C2CB4F33D007E5C9B /* Info.plist */ = {isa = PBXFileReference; lastKnownFileType = text.plist.xml; path = Info.plist; sourceTree = "<group>"; };
		097E76422CB4F6C2007E5C9B /* AdminLoginViewController.swift */ = {isa = PBXFileReference; lastKnownFileType = sourcecode.swift; path = AdminLoginViewController.swift; sourceTree = "<group>"; };
		097E76442CB4F6D1007E5C9B /* EmployeeLoginViewController.swift */ = {isa = PBXFileReference; lastKnownFileType = sourcecode.swift; path = EmployeeLoginViewController.swift; sourceTree = "<group>"; };
		097E76462CB4F88E007E5C9B /* AdminDashboardViewController.swift */ = {isa = PBXFileReference; lastKnownFileType = sourcecode.swift; path = AdminDashboardViewController.swift; sourceTree = "<group>"; };
		097E764D2CB4FF69007E5C9B /* AddEmployeesViewController.swift */ = {isa = PBXFileReference; lastKnownFileType = sourcecode.swift; path = AddEmployeesViewController.swift; sourceTree = "<group>"; };
		097E764F2CB5011B007E5C9B /* ViewEmployeeByViewController.swift */ = {isa = PBXFileReference; lastKnownFileType = sourcecode.swift; path = ViewEmployeeByViewController.swift; sourceTree = "<group>"; };
		097E76552CB505BF007E5C9B /* Networking.swift */ = {isa = PBXFileReference; lastKnownFileType = sourcecode.swift; path = Networking.swift; sourceTree = "<group>"; };
		097E76582CB507B6007E5C9B /* AppComponet.swift */ = {isa = PBXFileReference; lastKnownFileType = sourcecode.swift; path = AppComponet.swift; sourceTree = "<group>"; };
		097E765A2CB50C3A007E5C9B /* AttendanceHistoryViewController.swift */ = {isa = PBXFileReference; lastKnownFileType = sourcecode.swift; path = AttendanceHistoryViewController.swift; sourceTree = "<group>"; };
		097E765C2CB50DCD007E5C9B /* EmployeeProfileViewController.swift */ = {isa = PBXFileReference; lastKnownFileType = sourcecode.swift; path = EmployeeProfileViewController.swift; sourceTree = "<group>"; };
		097E765E2CB50E0C007E5C9B /* EmployeeCheckInAndCheckOutViewController.swift */ = {isa = PBXFileReference; lastKnownFileType = sourcecode.swift; path = EmployeeCheckInAndCheckOutViewController.swift; sourceTree = "<group>"; };
		097E76632CB51CC4007E5C9B /* EmployeeListTableViewCell.swift */ = {isa = PBXFileReference; lastKnownFileType = sourcecode.swift; path = EmployeeListTableViewCell.swift; sourceTree = "<group>"; };
		097E76642CB51CC4007E5C9B /* EmployeeListTableViewCell.xib */ = {isa = PBXFileReference; lastKnownFileType = file.xib; path = EmployeeListTableViewCell.xib; sourceTree = "<group>"; };
		097E76672CB51FD1007E5C9B /* CardView.swift */ = {isa = PBXFileReference; lastKnownFileType = sourcecode.swift; path = CardView.swift; sourceTree = "<group>"; };
		097E76692CB53924007E5C9B /* AttentdanceTableViewCell.swift */ = {isa = PBXFileReference; lastKnownFileType = sourcecode.swift; path = AttentdanceTableViewCell.swift; sourceTree = "<group>"; };
		097E766A2CB53924007E5C9B /* AttentdanceTableViewCell.xib */ = {isa = PBXFileReference; lastKnownFileType = file.xib; path = AttentdanceTableViewCell.xib; sourceTree = "<group>"; };
		097E766D2CB54DA0007E5C9B /* ActivityIndicatior.swift */ = {isa = PBXFileReference; lastKnownFileType = sourcecode.swift; path = ActivityIndicatior.swift; sourceTree = "<group>"; };
		097E76702CB56006007E5C9B /* EmployeeModel.swift */ = {isa = PBXFileReference; lastKnownFileType = sourcecode.swift; path = EmployeeModel.swift; sourceTree = "<group>"; };
/* End PBXFileReference section */

/* Begin PBXFrameworksBuildPhase section */
		097E76252CB4F33B007E5C9B /* Frameworks */ = {
			isa = PBXFrameworksBuildPhase;
			buildActionMask = 2147483647;
			files = (
				097E76622CB516CB007E5C9B /* SwiftyJSON in Frameworks */,
			);
			runOnlyForDeploymentPostprocessing = 0;
		};
/* End PBXFrameworksBuildPhase section */

/* Begin PBXGroup section */
		097E761F2CB4F33B007E5C9B = {
			isa = PBXGroup;
			children = (
				097E762A2CB4F33B007E5C9B /* InterviewTask */,
				097E76292CB4F33B007E5C9B /* Products */,
			);
			sourceTree = "<group>";
		};
		097E76292CB4F33B007E5C9B /* Products */ = {
			isa = PBXGroup;
			children = (
				097E76282CB4F33B007E5C9B /* InterviewTask.app */,
			);
			name = Products;
			sourceTree = "<group>";
		};
		097E762A2CB4F33B007E5C9B /* InterviewTask */ = {
			isa = PBXGroup;
			children = (
				097E766F2CB55FC7007E5C9B /* Model */,
				097E76572CB5078D007E5C9B /* CommanComponet */,
				097E76542CB505AA007E5C9B /* Networking */,
				097E76512CB502A1007E5C9B /* Employee */,
				097E764C2CB4FCEF007E5C9B /* Admin */,
				097E762B2CB4F33B007E5C9B /* AppDelegate.swift */,
				097E762D2CB4F33B007E5C9B /* SceneDelegate.swift */,
				097E762F2CB4F33B007E5C9B /* SelectRoleViewController.swift */,
				097E76312CB4F33B007E5C9B /* Main.storyboard */,
				097E76372CB4F33D007E5C9B /* Assets.xcassets */,
				097E76392CB4F33D007E5C9B /* LaunchScreen.storyboard */,
				097E763C2CB4F33D007E5C9B /* Info.plist */,
				097E76342CB4F33B007E5C9B /* InterviewTask.xcdatamodeld */,
			);
			path = InterviewTask;
			sourceTree = "<group>";
		};
		097E764C2CB4FCEF007E5C9B /* Admin */ = {
			isa = PBXGroup;
			children = (
				097E76422CB4F6C2007E5C9B /* AdminLoginViewController.swift */,
				097E76462CB4F88E007E5C9B /* AdminDashboardViewController.swift */,
				097E76632CB51CC4007E5C9B /* EmployeeListTableViewCell.swift */,
				097E76642CB51CC4007E5C9B /* EmployeeListTableViewCell.xib */,
				097E764D2CB4FF69007E5C9B /* AddEmployeesViewController.swift */,
				097E764F2CB5011B007E5C9B /* ViewEmployeeByViewController.swift */,
				097E765A2CB50C3A007E5C9B /* AttendanceHistoryViewController.swift */,
				097E76692CB53924007E5C9B /* AttentdanceTableViewCell.swift */,
				097E766A2CB53924007E5C9B /* AttentdanceTableViewCell.xib */,
			);
			path = Admin;
			sourceTree = "<group>";
		};
		097E76512CB502A1007E5C9B /* Employee */ = {
			isa = PBXGroup;
			children = (
				097E76442CB4F6D1007E5C9B /* EmployeeLoginViewController.swift */,
				097E765C2CB50DCD007E5C9B /* EmployeeProfileViewController.swift */,
				097E765E2CB50E0C007E5C9B /* EmployeeCheckInAndCheckOutViewController.swift */,
			);
			path = Employee;
			sourceTree = "<group>";
		};
		097E76542CB505AA007E5C9B /* Networking */ = {
			isa = PBXGroup;
			children = (
				097E76552CB505BF007E5C9B /* Networking.swift */,
			);
			path = Networking;
			sourceTree = "<group>";
		};
		097E76572CB5078D007E5C9B /* CommanComponet */ = {
			isa = PBXGroup;
			children = (
				097E76582CB507B6007E5C9B /* AppComponet.swift */,
				097E76672CB51FD1007E5C9B /* CardView.swift */,
				097E766D2CB54DA0007E5C9B /* ActivityIndicatior.swift */,
			);
			path = CommanComponet;
			sourceTree = "<group>";
		};
		097E766F2CB55FC7007E5C9B /* Model */ = {
			isa = PBXGroup;
			children = (
				097E76702CB56006007E5C9B /* EmployeeModel.swift */,
			);
			path = Model;
			sourceTree = "<group>";
		};
/* End PBXGroup section */

/* Begin PBXNativeTarget section */
		097E76272CB4F33B007E5C9B /* InterviewTask */ = {
			isa = PBXNativeTarget;
			buildConfigurationList = 097E763F2CB4F33D007E5C9B /* Build configuration list for PBXNativeTarget "InterviewTask" */;
			buildPhases = (
				097E76242CB4F33B007E5C9B /* Sources */,
				097E76252CB4F33B007E5C9B /* Frameworks */,
				097E76262CB4F33B007E5C9B /* Resources */,
			);
			buildRules = (
			);
			dependencies = (
			);
			name = InterviewTask;
			packageProductDependencies = (
				097E76612CB516CB007E5C9B /* SwiftyJSON */,
			);
			productName = InterviewTask;
			productReference = 097E76282CB4F33B007E5C9B /* InterviewTask.app */;
			productType = "com.apple.product-type.application";
		};
/* End PBXNativeTarget section */

/* Begin PBXProject section */
		097E76202CB4F33B007E5C9B /* Project object */ = {
			isa = PBXProject;
			attributes = {
				BuildIndependentTargetsInParallel = 1;
				LastSwiftUpdateCheck = 1520;
				LastUpgradeCheck = 1520;
				TargetAttributes = {
					097E76272CB4F33B007E5C9B = {
						CreatedOnToolsVersion = 15.2;
					};
				};
			};
			buildConfigurationList = 097E76232CB4F33B007E5C9B /* Build configuration list for PBXProject "InterviewTask" */;
			compatibilityVersion = "Xcode 14.0";
			developmentRegion = en;
			hasScannedForEncodings = 0;
			knownRegions = (
				en,
				Base,
			);
			mainGroup = 097E761F2CB4F33B007E5C9B;
			packageReferences = (
				097E76602CB516CB007E5C9B /* XCRemoteSwiftPackageReference "SwiftyJSON" */,
			);
			productRefGroup = 097E76292CB4F33B007E5C9B /* Products */;
			projectDirPath = "";
			projectRoot = "";
			targets = (
				097E76272CB4F33B007E5C9B /* InterviewTask */,
			);
		};
/* End PBXProject section */

/* Begin PBXResourcesBuildPhase section */
		097E76262CB4F33B007E5C9B /* Resources */ = {
			isa = PBXResourcesBuildPhase;
			buildActionMask = 2147483647;
			files = (
				097E763B2CB4F33D007E5C9B /* LaunchScreen.storyboard in Resources */,
				097E76662CB51CC4007E5C9B /* EmployeeListTableViewCell.xib in Resources */,
				097E766C2CB53924007E5C9B /* AttentdanceTableViewCell.xib in Resources */,
				097E76382CB4F33D007E5C9B /* Assets.xcassets in Resources */,
				097E76332CB4F33B007E5C9B /* Main.storyboard in Resources */,
			);
			runOnlyForDeploymentPostprocessing = 0;
		};
/* End PBXResourcesBuildPhase section */

/* Begin PBXSourcesBuildPhase section */
		097E76242CB4F33B007E5C9B /* Sources */ = {
			isa = PBXSourcesBuildPhase;
			buildActionMask = 2147483647;
			files = (
				097E76302CB4F33B007E5C9B /* SelectRoleViewController.swift in Sources */,
				097E76562CB505BF007E5C9B /* Networking.swift in Sources */,
				097E765F2CB50E0C007E5C9B /* EmployeeCheckInAndCheckOutViewController.swift in Sources */,
				097E76502CB5011B007E5C9B /* ViewEmployeeByViewController.swift in Sources */,
				097E764E2CB4FF69007E5C9B /* AddEmployeesViewController.swift in Sources */,
				097E76472CB4F88E007E5C9B /* AdminDashboardViewController.swift in Sources */,
				097E762C2CB4F33B007E5C9B /* AppDelegate.swift in Sources */,
				097E765D2CB50DCD007E5C9B /* EmployeeProfileViewController.swift in Sources */,
				097E76432CB4F6C2007E5C9B /* AdminLoginViewController.swift in Sources */,
				097E76592CB507B6007E5C9B /* AppComponet.swift in Sources */,
				097E765B2CB50C3A007E5C9B /* AttendanceHistoryViewController.swift in Sources */,
				097E76362CB4F33B007E5C9B /* InterviewTask.xcdatamodeld in Sources */,
				097E76452CB4F6D1007E5C9B /* EmployeeLoginViewController.swift in Sources */,
				097E766B2CB53924007E5C9B /* AttentdanceTableViewCell.swift in Sources */,
				097E762E2CB4F33B007E5C9B /* SceneDelegate.swift in Sources */,
				097E76682CB51FD1007E5C9B /* CardView.swift in Sources */,
				097E76712CB56006007E5C9B /* EmployeeModel.swift in Sources */,
				097E766E2CB54DA0007E5C9B /* ActivityIndicatior.swift in Sources */,
				097E76652CB51CC4007E5C9B /* EmployeeListTableViewCell.swift in Sources */,
			);
			runOnlyForDeploymentPostprocessing = 0;
		};
/* End PBXSourcesBuildPhase section */

/* Begin PBXVariantGroup section */
		097E76312CB4F33B007E5C9B /* Main.storyboard */ = {
			isa = PBXVariantGroup;
			children = (
				097E76322CB4F33B007E5C9B /* Base */,
			);
			name = Main.storyboard;
			sourceTree = "<group>";
		};
		097E76392CB4F33D007E5C9B /* LaunchScreen.storyboard */ = {
			isa = PBXVariantGroup;
			children = (
				097E763A2CB4F33D007E5C9B /* Base */,
			);
			name = LaunchScreen.storyboard;
			sourceTree = "<group>";
		};
/* End PBXVariantGroup section */

/* Begin XCBuildConfiguration section */
		097E763D2CB4F33D007E5C9B /* Debug */ = {
			isa = XCBuildConfiguration;
			buildSettings = {
				ALWAYS_SEARCH_USER_PATHS = NO;
				ASSETCATALOG_COMPILER_GENERATE_SWIFT_ASSET_SYMBOL_EXTENSIONS = YES;
				CLANG_ANALYZER_NONNULL = YES;
				CLANG_ANALYZER_NUMBER_OBJECT_CONVERSION = YES_AGGRESSIVE;
				CLANG_CXX_LANGUAGE_STANDARD = "gnu++20";
				CLANG_ENABLE_MODULES = YES;
				CLANG_ENABLE_OBJC_ARC = YES;
				CLANG_ENABLE_OBJC_WEAK = YES;
				CLANG_WARN_BLOCK_CAPTURE_AUTORELEASING = YES;
				CLANG_WARN_BOOL_CONVERSION = YES;
				CLANG_WARN_COMMA = YES;
				CLANG_WARN_CONSTANT_CONVERSION = YES;
				CLANG_WARN_DEPRECATED_OBJC_IMPLEMENTATIONS = YES;
				CLANG_WARN_DIRECT_OBJC_ISA_USAGE = YES_ERROR;
				CLANG_WARN_DOCUMENTATION_COMMENTS = YES;
				CLANG_WARN_EMPTY_BODY = YES;
				CLANG_WARN_ENUM_CONVERSION = YES;
				CLANG_WARN_INFINITE_RECURSION = YES;
				CLANG_WARN_INT_CONVERSION = YES;
				CLANG_WARN_NON_LITERAL_NULL_CONVERSION = YES;
				CLANG_WARN_OBJC_IMPLICIT_RETAIN_SELF = YES;
				CLANG_WARN_OBJC_LITERAL_CONVERSION = YES;
				CLANG_WARN_OBJC_ROOT_CLASS = YES_ERROR;
				CLANG_WARN_QUOTED_INCLUDE_IN_FRAMEWORK_HEADER = YES;
				CLANG_WARN_RANGE_LOOP_ANALYSIS = YES;
				CLANG_WARN_STRICT_PROTOTYPES = YES;
				CLANG_WARN_SUSPICIOUS_MOVE = YES;
				CLANG_WARN_UNGUARDED_AVAILABILITY = YES_AGGRESSIVE;
				CLANG_WARN_UNREACHABLE_CODE = YES;
				CLANG_WARN__DUPLICATE_METHOD_MATCH = YES;
				COPY_PHASE_STRIP = NO;
				DEBUG_INFORMATION_FORMAT = dwarf;
				ENABLE_STRICT_OBJC_MSGSEND = YES;
				ENABLE_TESTABILITY = YES;
				ENABLE_USER_SCRIPT_SANDBOXING = YES;
				GCC_C_LANGUAGE_STANDARD = gnu17;
				GCC_DYNAMIC_NO_PIC = NO;
				GCC_NO_COMMON_BLOCKS = YES;
				GCC_OPTIMIZATION_LEVEL = 0;
				GCC_PREPROCESSOR_DEFINITIONS = (
					"DEBUG=1",
					"$(inherited)",
				);
				GCC_WARN_64_TO_32_BIT_CONVERSION = YES;
				GCC_WARN_ABOUT_RETURN_TYPE = YES_ERROR;
				GCC_WARN_UNDECLARED_SELECTOR = YES;
				GCC_WARN_UNINITIALIZED_AUTOS = YES_AGGRESSIVE;
				GCC_WARN_UNUSED_FUNCTION = YES;
				GCC_WARN_UNUSED_VARIABLE = YES;
				IPHONEOS_DEPLOYMENT_TARGET = 17.2;
				LOCALIZATION_PREFERS_STRING_CATALOGS = YES;
				MTL_ENABLE_DEBUG_INFO = INCLUDE_SOURCE;
				MTL_FAST_MATH = YES;
				ONLY_ACTIVE_ARCH = YES;
				SDKROOT = iphoneos;
				SWIFT_ACTIVE_COMPILATION_CONDITIONS = "DEBUG $(inherited)";
				SWIFT_OPTIMIZATION_LEVEL = "-Onone";
			};
			name = Debug;
		};
		097E763E2CB4F33D007E5C9B /* Release */ = {
			isa = XCBuildConfiguration;
			buildSettings = {
				ALWAYS_SEARCH_USER_PATHS = NO;
				ASSETCATALOG_COMPILER_GENERATE_SWIFT_ASSET_SYMBOL_EXTENSIONS = YES;
				CLANG_ANALYZER_NONNULL = YES;
				CLANG_ANALYZER_NUMBER_OBJECT_CONVERSION = YES_AGGRESSIVE;
				CLANG_CXX_LANGUAGE_STANDARD = "gnu++20";
				CLANG_ENABLE_MODULES = YES;
				CLANG_ENABLE_OBJC_ARC = YES;
				CLANG_ENABLE_OBJC_WEAK = YES;
				CLANG_WARN_BLOCK_CAPTURE_AUTORELEASING = YES;
				CLANG_WARN_BOOL_CONVERSION = YES;
				CLANG_WARN_COMMA = YES;
				CLANG_WARN_CONSTANT_CONVERSION = YES;
				CLANG_WARN_DEPRECATED_OBJC_IMPLEMENTATIONS = YES;
				CLANG_WARN_DIRECT_OBJC_ISA_USAGE = YES_ERROR;
				CLANG_WARN_DOCUMENTATION_COMMENTS = YES;
				CLANG_WARN_EMPTY_BODY = YES;
				CLANG_WARN_ENUM_CONVERSION = YES;
				CLANG_WARN_INFINITE_RECURSION = YES;
				CLANG_WARN_INT_CONVERSION = YES;
				CLANG_WARN_NON_LITERAL_NULL_CONVERSION = YES;
				CLANG_WARN_OBJC_IMPLICIT_RETAIN_SELF = YES;
				CLANG_WARN_OBJC_LITERAL_CONVERSION = YES;
				CLANG_WARN_OBJC_ROOT_CLASS = YES_ERROR;
				CLANG_WARN_QUOTED_INCLUDE_IN_FRAMEWORK_HEADER = YES;
				CLANG_WARN_RANGE_LOOP_ANALYSIS = YES;
				CLANG_WARN_STRICT_PROTOTYPES = YES;
				CLANG_WARN_SUSPICIOUS_MOVE = YES;
				CLANG_WARN_UNGUARDED_AVAILABILITY = YES_AGGRESSIVE;
				CLANG_WARN_UNREACHABLE_CODE = YES;
				CLANG_WARN__DUPLICATE_METHOD_MATCH = YES;
				COPY_PHASE_STRIP = NO;
				DEBUG_INFORMATION_FORMAT = "dwarf-with-dsym";
				ENABLE_NS_ASSERTIONS = NO;
				ENABLE_STRICT_OBJC_MSGSEND = YES;
				ENABLE_USER_SCRIPT_SANDBOXING = YES;
				GCC_C_LANGUAGE_STANDARD = gnu17;
				GCC_NO_COMMON_BLOCKS = YES;
				GCC_WARN_64_TO_32_BIT_CONVERSION = YES;
				GCC_WARN_ABOUT_RETURN_TYPE = YES_ERROR;
				GCC_WARN_UNDECLARED_SELECTOR = YES;
				GCC_WARN_UNINITIALIZED_AUTOS = YES_AGGRESSIVE;
				GCC_WARN_UNUSED_FUNCTION = YES;
				GCC_WARN_UNUSED_VARIABLE = YES;
				IPHONEOS_DEPLOYMENT_TARGET = 17.2;
				LOCALIZATION_PREFERS_STRING_CATALOGS = YES;
				MTL_ENABLE_DEBUG_INFO = NO;
				MTL_FAST_MATH = YES;
				SDKROOT = iphoneos;
				SWIFT_COMPILATION_MODE = wholemodule;
				VALIDATE_PRODUCT = YES;
			};
			name = Release;
		};
		097E76402CB4F33D007E5C9B /* Debug */ = {
			isa = XCBuildConfiguration;
			buildSettings = {
				ASSETCATALOG_COMPILER_APPICON_NAME = AppIcon;
				ASSETCATALOG_COMPILER_GLOBAL_ACCENT_COLOR_NAME = AccentColor;
				CODE_SIGN_STYLE = Automatic;
				CURRENT_PROJECT_VERSION = 1;
				GENERATE_INFOPLIST_FILE = YES;
				INFOPLIST_FILE = InterviewTask/Info.plist;
				INFOPLIST_KEY_UIApplicationSupportsIndirectInputEvents = YES;
				INFOPLIST_KEY_UILaunchStoryboardName = LaunchScreen;
				INFOPLIST_KEY_UIMainStoryboardFile = Main;
				INFOPLIST_KEY_UISupportedInterfaceOrientations_iPad = "UIInterfaceOrientationPortrait UIInterfaceOrientationPortraitUpsideDown UIInterfaceOrientationLandscapeLeft UIInterfaceOrientationLandscapeRight";
				INFOPLIST_KEY_UISupportedInterfaceOrientations_iPhone = "UIInterfaceOrientationPortrait UIInterfaceOrientationLandscapeLeft UIInterfaceOrientationLandscapeRight";
				LD_RUNPATH_SEARCH_PATHS = (
					"$(inherited)",
					"@executable_path/Frameworks",
				);
				MARKETING_VERSION = 1.0;
				PRODUCT_BUNDLE_IDENTIFIER = j.InterviewTask;
				PRODUCT_NAME = "$(TARGET_NAME)";
				SWIFT_EMIT_LOC_STRINGS = YES;
				SWIFT_VERSION = 5.0;
				TARGETED_DEVICE_FAMILY = "1,2";
			};
			name = Debug;
		};
		097E76412CB4F33D007E5C9B /* Release */ = {
			isa = XCBuildConfiguration;
			buildSettings = {
				ASSETCATALOG_COMPILER_APPICON_NAME = AppIcon;
				ASSETCATALOG_COMPILER_GLOBAL_ACCENT_COLOR_NAME = AccentColor;
				CODE_SIGN_STYLE = Automatic;
				CURRENT_PROJECT_VERSION = 1;
				GENERATE_INFOPLIST_FILE = YES;
				INFOPLIST_FILE = InterviewTask/Info.plist;
				INFOPLIST_KEY_UIApplicationSupportsIndirectInputEvents = YES;
				INFOPLIST_KEY_UILaunchStoryboardName = LaunchScreen;
				INFOPLIST_KEY_UIMainStoryboardFile = Main;
				INFOPLIST_KEY_UISupportedInterfaceOrientations_iPad = "UIInterfaceOrientationPortrait UIInterfaceOrientationPortraitUpsideDown UIInterfaceOrientationLandscapeLeft UIInterfaceOrientationLandscapeRight";
				INFOPLIST_KEY_UISupportedInterfaceOrientations_iPhone = "UIInterfaceOrientationPortrait UIInterfaceOrientationLandscapeLeft UIInterfaceOrientationLandscapeRight";
				LD_RUNPATH_SEARCH_PATHS = (
					"$(inherited)",
					"@executable_path/Frameworks",
				);
				MARKETING_VERSION = 1.0;
				PRODUCT_BUNDLE_IDENTIFIER = j.InterviewTask;
				PRODUCT_NAME = "$(TARGET_NAME)";
				SWIFT_EMIT_LOC_STRINGS = YES;
				SWIFT_VERSION = 5.0;
				TARGETED_DEVICE_FAMILY = "1,2";
			};
			name = Release;
		};
/* End XCBuildConfiguration section */

/* Begin XCConfigurationList section */
		097E76232CB4F33B007E5C9B /* Build configuration list for PBXProject "InterviewTask" */ = {
			isa = XCConfigurationList;
			buildConfigurations = (
				097E763D2CB4F33D007E5C9B /* Debug */,
				097E763E2CB4F33D007E5C9B /* Release */,
			);
			defaultConfigurationIsVisible = 0;
			defaultConfigurationName = Release;
		};
		097E763F2CB4F33D007E5C9B /* Build configuration list for PBXNativeTarget "InterviewTask" */ = {
			isa = XCConfigurationList;
			buildConfigurations = (
				097E76402CB4F33D007E5C9B /* Debug */,
				097E76412CB4F33D007E5C9B /* Release */,
			);
			defaultConfigurationIsVisible = 0;
			defaultConfigurationName = Release;
		};
/* End XCConfigurationList section */

/* Begin XCRemoteSwiftPackageReference section */
		097E76602CB516CB007E5C9B /* XCRemoteSwiftPackageReference "SwiftyJSON" */ = {
			isa = XCRemoteSwiftPackageReference;
			repositoryURL = "https://github.com/SwiftyJSON/SwiftyJSON.git";
			requirement = {
				kind = upToNextMajorVersion;
				minimumVersion = 5.0.2;
			};
		};
/* End XCRemoteSwiftPackageReference section */

/* Begin XCSwiftPackageProductDependency section */
		097E76612CB516CB007E5C9B /* SwiftyJSON */ = {
			isa = XCSwiftPackageProductDependency;
			package = 097E76602CB516CB007E5C9B /* XCRemoteSwiftPackageReference "SwiftyJSON" */;
			productName = SwiftyJSON;
		};
/* End XCSwiftPackageProductDependency section */

/* Begin XCVersionGroup section */
		097E76342CB4F33B007E5C9B /* InterviewTask.xcdatamodeld */ = {
			isa = XCVersionGroup;
			children = (
				097E76352CB4F33B007E5C9B /* InterviewTask.xcdatamodel */,
			);
			currentVersion = 097E76352CB4F33B007E5C9B /* InterviewTask.xcdatamodel */;
			path = InterviewTask.xcdatamodeld;
			sourceTree = "<group>";
			versionGroupType = wrapper.xcdatamodel;
		};
/* End XCVersionGroup section */
	};
	rootObject = 097E76202CB4F33B007E5C9B /* Project object */;
}
